
Microsoft Visual Studio Solution File, Format Version 12.00
# Visual Studio Version 16
VisualStudioVersion = 25.0.1703.3
MinimumVisualStudioVersion = 10.0.40219.1
Project("{FAE04EC0-301F-11D3-BF4B-00C04F79EFBC}") = "04.Toy_shop", "04.Toy_shop\04.Toy_shop.csproj", "{A6A68800-4633-4F87-8BF6-115D94FC7BD4}"
EndProject
Global
	GlobalSection(SolutionConfigurationPlatforms) = preSolution
		Debug|Any CPU = Debug|Any CPU
		Release|Any CPU = Release|Any CPU
	EndGlobalSection
	GlobalSection(ProjectConfigurationPlatforms) = postSolution
		{A6A68800-4633-4F87-8BF6-115D94FC7BD4}.Debug|Any CPU.ActiveCfg = Debug|Any CPU
		{A6A68800-4633-4F87-8BF6-115D94FC7BD4}.Debug|Any CPU.Build.0 = Debug|Any CPU
		{A6A68800-4633-4F87-8BF6-115D94FC7BD4}.Release|Any CPU.ActiveCfg = Release|Any CPU
		{A6A68800-4633-4F87-8BF6-115D94FC7BD4}.Release|Any CPU.Build.0 = Release|Any CPU
	EndGlobalSection
	GlobalSection(SolutionProperties) = preSolution
		HideSolutionNode = FALSE
	EndGlobalSection
	GlobalSection(ExtensibilityGlobals) = postSolution
		SolutionGuid = {FDA0C2A0-1B48-4F7A-8375-A2BB7F7716BF}
	EndGlobalSection
EndGlobal
