
Microsoft Visual Studio Solution File, Format Version 12.00
# Visual Studio Version 16
VisualStudioVersion = 25.0.1703.3
MinimumVisualStudioVersion = 10.0.40219.1
Project("{FAE04EC0-301F-11D3-BF4B-00C04F79EFBC}") = "08.Lunch_break", "08.Lunch_break\08.Lunch_break.csproj", "{2F49F06D-098C-4352-8604-B1A53BF05CBF}"
EndProject
Global
	GlobalSection(SolutionConfigurationPlatforms) = preSolution
		Debug|Any CPU = Debug|Any CPU
		Release|Any CPU = Release|Any CPU
	EndGlobalSection
	GlobalSection(ProjectConfigurationPlatforms) = postSolution
		{2F49F06D-098C-4352-8604-B1A53BF05CBF}.Debug|Any CPU.ActiveCfg = Debug|Any CPU
		{2F49F06D-098C-4352-8604-B1A53BF05CBF}.Debug|Any CPU.Build.0 = Debug|Any CPU
		{2F49F06D-098C-4352-8604-B1A53BF05CBF}.Release|Any CPU.ActiveCfg = Release|Any CPU
		{2F49F06D-098C-4352-8604-B1A53BF05CBF}.Release|Any CPU.Build.0 = Release|Any CPU
	EndGlobalSection
	GlobalSection(SolutionProperties) = preSolution
		HideSolutionNode = FALSE
	EndGlobalSection
	GlobalSection(ExtensibilityGlobals) = postSolution
		SolutionGuid = {80DA6425-EDCC-4D59-8F79-66EECA0C0C0B}
	EndGlobalSection
EndGlobal
