
Microsoft Visual Studio Solution File, Format Version 12.00
# Visual Studio Version 16
VisualStudioVersion = 25.0.1703.3
MinimumVisualStudioVersion = 10.0.40219.1
Project("{FAE04EC0-301F-11D3-BF4B-00C04F79EFBC}") = "07.Shopping", "07.Shopping.csproj", "{EF9BC010-AEF7-4DFF-B52F-E246C75A0268}"
EndProject
Global
	GlobalSection(SolutionConfigurationPlatforms) = preSolution
		Debug|Any CPU = Debug|Any CPU
		Release|Any CPU = Release|Any CPU
	EndGlobalSection
	GlobalSection(ProjectConfigurationPlatforms) = postSolution
		{EF9BC010-AEF7-4DFF-B52F-E246C75A0268}.Debug|Any CPU.ActiveCfg = Debug|Any CPU
		{EF9BC010-AEF7-4DFF-B52F-E246C75A0268}.Debug|Any CPU.Build.0 = Debug|Any CPU
		{EF9BC010-AEF7-4DFF-B52F-E246C75A0268}.Release|Any CPU.ActiveCfg = Release|Any CPU
		{EF9BC010-AEF7-4DFF-B52F-E246C75A0268}.Release|Any CPU.Build.0 = Release|Any CPU
	EndGlobalSection
	GlobalSection(SolutionProperties) = preSolution
		HideSolutionNode = FALSE
	EndGlobalSection
	GlobalSection(ExtensibilityGlobals) = postSolution
		SolutionGuid = {029C734E-032F-4683-9784-EC50801F1CE9}
	EndGlobalSection
EndGlobal
