
Microsoft Visual Studio Solution File, Format Version 12.00
# Visual Studio Version 16
VisualStudioVersion = 25.0.1703.3
MinimumVisualStudioVersion = 10.0.40219.1
Project("{FAE04EC0-301F-11D3-BF4B-00C04F79EFBC}") = "05.Godzilla_vs_Kong", "05.Godzilla_vs_Kong\05.Godzilla_vs_Kong.csproj", "{EFEC9F3D-290E-46CB-8414-29B8875314BA}"
EndProject
Global
	GlobalSection(SolutionConfigurationPlatforms) = preSolution
		Debug|Any CPU = Debug|Any CPU
		Release|Any CPU = Release|Any CPU
	EndGlobalSection
	GlobalSection(ProjectConfigurationPlatforms) = postSolution
		{EFEC9F3D-290E-46CB-8414-29B8875314BA}.Debug|Any CPU.ActiveCfg = Debug|Any CPU
		{EFEC9F3D-290E-46CB-8414-29B8875314BA}.Debug|Any CPU.Build.0 = Debug|Any CPU
		{EFEC9F3D-290E-46CB-8414-29B8875314BA}.Release|Any CPU.ActiveCfg = Release|Any CPU
		{EFEC9F3D-290E-46CB-8414-29B8875314BA}.Release|Any CPU.Build.0 = Release|Any CPU
	EndGlobalSection
	GlobalSection(SolutionProperties) = preSolution
		HideSolutionNode = FALSE
	EndGlobalSection
	GlobalSection(ExtensibilityGlobals) = postSolution
		SolutionGuid = {B1E31C25-C53A-48ED-80F6-E4A5CABFEED4}
	EndGlobalSection
EndGlobal
