
Microsoft Visual Studio Solution File, Format Version 12.00
# Visual Studio Version 16
VisualStudioVersion = 25.0.1703.3
MinimumVisualStudioVersion = 10.0.40219.1
Project("{FAE04EC0-301F-11D3-BF4B-00C04F79EFBC}") = "03.Time_plus_15minutes", "03.Time_plus_15minutes.csproj", "{CB0F150B-5D4B-4081-A357-43D3A8EBBE58}"
EndProject
Global
	GlobalSection(SolutionConfigurationPlatforms) = preSolution
		Debug|Any CPU = Debug|Any CPU
		Release|Any CPU = Release|Any CPU
	EndGlobalSection
	GlobalSection(ProjectConfigurationPlatforms) = postSolution
		{CB0F150B-5D4B-4081-A357-43D3A8EBBE58}.Debug|Any CPU.ActiveCfg = Debug|Any CPU
		{CB0F150B-5D4B-4081-A357-43D3A8EBBE58}.Debug|Any CPU.Build.0 = Debug|Any CPU
		{CB0F150B-5D4B-4081-A357-43D3A8EBBE58}.Release|Any CPU.ActiveCfg = Release|Any CPU
		{CB0F150B-5D4B-4081-A357-43D3A8EBBE58}.Release|Any CPU.Build.0 = Release|Any CPU
	EndGlobalSection
	GlobalSection(SolutionProperties) = preSolution
		HideSolutionNode = FALSE
	EndGlobalSection
	GlobalSection(ExtensibilityGlobals) = postSolution
		SolutionGuid = {7AE46201-6D75-4748-B028-782129FCF968}
	EndGlobalSection
EndGlobal
